<?xml version="1.0" encoding="utf-8"?>
<Project ToolsVersion="4.0" xmlns="http://schemas.microsoft.com/developer/msbuild/2003">
  <ItemGroup>
    <Filter Include="Source Files">
      <UniqueIdentifier>{4FC737F1-C7A5-4376-A066-2A32D752A2FF}</UniqueIdentifier>
      <Extensions>cpp;c;cc;cxx;def;odl;idl;hpj;bat;asm;asmx</Extensions>
    </Filter>
    <Filter Include="Header Files">
      <UniqueIdentifier>{93995380-89BD-4b04-88EB-625FBE52EBFB}</UniqueIdentifier>
      <Extensions>h;hpp;hxx;hm;inl;inc;xsd</Extensions>
    </Filter>
    <Filter Include="Resource Files">
      <UniqueIdentifier>{67DA6AB6-F800-4c08-8B7A-83BB121AAD01}</UniqueIdentifier>
      <Extensions>rc;ico;cur;bmp;dlg;rc2;rct;bin;rgs;gif;jpg;jpeg;jpe;resx;tiff;tif;png;wav;mfcribbon-ms</Extensions>
    </Filter>
  </ItemGroup>
  <ItemGroup>
    <ClInclude Include="src\ATMO.h">
      <Filter>Header Files</Filter>
    </ClInclude>
    <ClInclude Include="src\DATA.h">
      <Filter>Header Files</Filter>
    </ClInclude>
    <ClInclude Include="src\DATE.h">
      <Filter>Header Files</Filter>
    </ClInclude>
    <ClInclude Include="src\GEOL.h">
      <Filter>Header Files</Filter>
    </ClInclude>
    <ClInclude Include="src\LAKE.h">
      <Filter>Header Files</Filter>
    </ClInclude>
    <ClInclude Include="src\MICR.h">
      <Filter>Header Files</Filter>
    </ClInclude>
    <ClInclude Include="src\PARA.h">
      <Filter>Header Files</Filter>
    </ClInclude>
    <ClInclude Include="src\PERM.h">
      <Filter>Header Files</Filter>
    </ClInclude>
    <ClInclude Include="src\SHAR.h">
      <Filter>Header Files</Filter>
    </ClInclude>
    <ClInclude Include="src\SNOW.h">
      <Filter>Header Files</Filter>
    </ClInclude>
    <ClInclude Include="src\SOIL.h">
      <Filter>Header Files</Filter>
    </ClInclude>
    <ClInclude Include="src\TEM.h">
      <Filter>Header Files</Filter>
    </ClInclude>
    <ClInclude Include="src\VEGE.h">
      <Filter>Header Files</Filter>
    </ClInclude>
    <ClInclude Include="EVAP.h">
      <Filter>Header Files</Filter>
    </ClInclude>
    <ClInclude Include="RIVE.h">
      <Filter>Header Files</Filter>
    </ClInclude>
    <ClInclude Include="STRE.h">
      <Filter>Header Files</Filter>
    </ClInclude>
    <ClInclude Include="RECH.h">
      <Filter>Header Files</Filter>
    </ClInclude>
  </ItemGroup>
  <ItemGroup>
    <ClCompile Include="src\ATMO.cpp">
      <Filter>Source Files</Filter>
    </ClCompile>
    <ClCompile Include="src\DATA.cpp">
      <Filter>Source Files</Filter>
    </ClCompile>
    <ClCompile Include="src\DATE.cpp">
      <Filter>Source Files</Filter>
    </ClCompile>
    <ClCompile Include="src\GEOL.cpp">
      <Filter>Source Files</Filter>
    </ClCompile>
    <ClCompile Include="src\LAKE.cpp">
      <Filter>Source Files</Filter>
    </ClCompile>
    <ClCompile Include="src\MAIN.cpp">
      <Filter>Source Files</Filter>
    </ClCompile>
    <ClCompile Include="src\MICR.cpp">
      <Filter>Source Files</Filter>
    </ClCompile>
    <ClCompile Include="src\PARA.cpp">
      <Filter>Source Files</Filter>
    </ClCompile>
    <ClCompile Include="src\PERM.cpp">
      <Filter>Source Files</Filter>
    </ClCompile>
    <ClCompile Include="src\SHAR.cpp">
      <Filter>Source Files</Filter>
    </ClCompile>
    <ClCompile Include="src\SNOW.cpp">
      <Filter>Source Files</Filter>
    </ClCompile>
    <ClCompile Include="src\SOIL.cpp">
      <Filter>Source Files</Filter>
    </ClCompile>
    <ClCompile Include="src\TEM.cpp">
      <Filter>Source Files</Filter>
    </ClCompile>
    <ClCompile Include="src\VEGE.cpp">
      <Filter>Source Files</Filter>
    </ClCompile>
    <ClCompile Include="src\EVAP.cpp">
      <Filter>Source Files</Filter>
    </ClCompile>
    <ClCompile Include="src\RECH.cpp">
      <Filter>Source Files</Filter>
    </ClCompile>
    <ClCompile Include="src\RIVE.cpp">
      <Filter>Source Files</Filter>
    </ClCompile>
    <ClCompile Include="src\STRE.cpp">
      <Filter>Source Files</Filter>
    </ClCompile>
  </ItemGroup>
</Project>